
Microsoft Visual Studio Solution File, Format Version 12.00
# Visual Studio Version 16
VisualStudioVersion = 16.0.30907.101
MinimumVisualStudioVersion = 10.0.40219.1
Project("{FAE04EC0-301F-11D3-BF4B-00C04F79EFBC}") = "ZadatakZaPonavljanje6", "ZadatakZaPonavljanje6\ZadatakZaPonavljanje6.csproj", "{C3579D3D-CFE9-4CAF-8DE4-56E6849A0D74}"
EndProject
Global
	GlobalSection(SolutionConfigurationPlatforms) = preSolution
		Debug|Any CPU = Debug|Any CPU
		Release|Any CPU = Release|Any CPU
	EndGlobalSection
	GlobalSection(ProjectConfigurationPlatforms) = postSolution
		{C3579D3D-CFE9-4CAF-8DE4-56E6849A0D74}.Debug|Any CPU.ActiveCfg = Debug|Any CPU
		{C3579D3D-CFE9-4CAF-8DE4-56E6849A0D74}.Debug|Any CPU.Build.0 = Debug|Any CPU
		{C3579D3D-CFE9-4CAF-8DE4-56E6849A0D74}.Release|Any CPU.ActiveCfg = Release|Any CPU
		{C3579D3D-CFE9-4CAF-8DE4-56E6849A0D74}.Release|Any CPU.Build.0 = Release|Any CPU
	EndGlobalSection
	GlobalSection(SolutionProperties) = preSolution
		HideSolutionNode = FALSE
	EndGlobalSection
	GlobalSection(ExtensibilityGlobals) = postSolution
		SolutionGuid = {437DD393-5227-4C83-8C82-28D66E7A09D0}
	EndGlobalSection
EndGlobal
